
Microsoft Visual Studio Solution File, Format Version 12.00
# Visual Studio 15
Project("{FAE04EC0-301F-11D3-BF4B-00C04F79EFBC}") = "Assembly-CSharp", "Assembly-CSharp.csproj", "{93FDDB80-C04F-F13E-56FC-3662BDE35A4E}"
EndProject
Project("{FAE04EC0-301F-11D3-BF4B-00C04F79EFBC}") = "Assembly-CSharp-firstpass", "Assembly-CSharp-firstpass.csproj", "{50139D9A-1C7A-7D25-0D17-02B57EE8A2D8}"
EndProject
Project("{FAE04EC0-301F-11D3-BF4B-00C04F79EFBC}") = "Assembly-CSharp-Editor", "Assembly-CSharp-Editor.csproj", "{F8910FF3-BF5F-D4A1-0012-F6DD82E077CD}"
EndProject
Global
	GlobalSection(SolutionConfigurationPlatforms) = preSolution
		Debug|Any CPU = Debug|Any CPU
		Release|Any CPU = Release|Any CPU
	EndGlobalSection
	GlobalSection(ProjectConfigurationPlatforms) = postSolution
		{93FDDB80-C04F-F13E-56FC-3662BDE35A4E}.Debug|Any CPU.ActiveCfg = Debug|Any CPU
		{93FDDB80-C04F-F13E-56FC-3662BDE35A4E}.Debug|Any CPU.Build.0 = Debug|Any CPU
		{93FDDB80-C04F-F13E-56FC-3662BDE35A4E}.Release|Any CPU.ActiveCfg = Release|Any CPU
		{93FDDB80-C04F-F13E-56FC-3662BDE35A4E}.Release|Any CPU.Build.0 = Release|Any CPU
		{50139D9A-1C7A-7D25-0D17-02B57EE8A2D8}.Debug|Any CPU.ActiveCfg = Debug|Any CPU
		{50139D9A-1C7A-7D25-0D17-02B57EE8A2D8}.Debug|Any CPU.Build.0 = Debug|Any CPU
		{50139D9A-1C7A-7D25-0D17-02B57EE8A2D8}.Release|Any CPU.ActiveCfg = Release|Any CPU
		{50139D9A-1C7A-7D25-0D17-02B57EE8A2D8}.Release|Any CPU.Build.0 = Release|Any CPU
		{F8910FF3-BF5F-D4A1-0012-F6DD82E077CD}.Debug|Any CPU.ActiveCfg = Debug|Any CPU
		{F8910FF3-BF5F-D4A1-0012-F6DD82E077CD}.Debug|Any CPU.Build.0 = Debug|Any CPU
		{F8910FF3-BF5F-D4A1-0012-F6DD82E077CD}.Release|Any CPU.ActiveCfg = Release|Any CPU
		{F8910FF3-BF5F-D4A1-0012-F6DD82E077CD}.Release|Any CPU.Build.0 = Release|Any CPU
	EndGlobalSection
	GlobalSection(SolutionProperties) = preSolution
		HideSolutionNode = FALSE
	EndGlobalSection
EndGlobal
